{
  "nodes": {
    "nixpkgs": {
      "locked": {
        "lastModified": 0,
        "narHash": "sha256-+zT2I2s+pusclw0DGuW1mpR4Bui+eCAUXPutn2+PBSA=",
        "path": "/nix/store/g446zc4ymfrdwbyr0sp193b3mp1c2rrj-source",
        "type": "path"
      },
      "original": {
        "id": "nixpkgs",
        "type": "indirect"
      }
    },
    "root": {
      "inputs": {
        "nixpkgs": "nixpkgs"
      }
    }
  },
  "root": "root",
  "version": 7
}
